<Project xmlns="http://schemas.microsoft.com/developer/msbuild/2003">
    <PropertyGroup>
        <ProjectGuid>{EB5F98C7-7F7F-4F48-9592-FE544D0A9D90}</ProjectGuid>
        <MainSource>CnPack_D10S.dpk</MainSource>
        <Base>True</Base>
        <Config Condition="'$(Config)'==''">Release</Config>
        <TargetedPlatforms>1</TargetedPlatforms>
        <AppType>Package</AppType>
        <FrameworkType>VCL</FrameworkType>
        <ProjectVersion>18.0</ProjectVersion>
        <Platform Condition="'$(Platform)'==''">Win32</Platform>
    </PropertyGroup>
    <PropertyGroup Condition="'$(Config)'=='Base' or '$(Base)'!=''">
        <Base>true</Base>
    </PropertyGroup>
    <PropertyGroup Condition="('$(Platform)'=='Win32' and '$(Base)'=='true') or '$(Base_Win32)'!=''">
        <Base_Win32>true</Base_Win32>
        <CfgParent>Base</CfgParent>
        <Base>true</Base>
    </PropertyGroup>
    <PropertyGroup Condition="'$(Config)'=='Release' or '$(Cfg_1)'!=''">
        <Cfg_1>true</Cfg_1>
        <CfgParent>Base</CfgParent>
        <Base>true</Base>
    </PropertyGroup>
    <PropertyGroup Condition="('$(Platform)'=='Win32' and '$(Cfg_1)'=='true') or '$(Cfg_1_Win32)'!=''">
        <Cfg_1_Win32>true</Cfg_1_Win32>
        <CfgParent>Cfg_1</CfgParent>
        <Cfg_1>true</Cfg_1>
        <Base>true</Base>
    </PropertyGroup>
    <PropertyGroup Condition="'$(Config)'=='Debug' or '$(Cfg_2)'!=''">
        <Cfg_2>true</Cfg_2>
        <CfgParent>Base</CfgParent>
        <Base>true</Base>
    </PropertyGroup>
    <PropertyGroup Condition="'$(Base)'!=''">
        <SanitizedProjectName>CnPack_D10S</SanitizedProjectName>
        <DCC_UnitSearchPath>..\..\Source\Common;$(DCC_UnitSearchPath)</DCC_UnitSearchPath>
        <GenPackage>true</GenPackage>
        <RuntimeOnlyPackage>true</RuntimeOnlyPackage>
        <DCC_F>false</DCC_F>
        <DCC_K>false</DCC_K>
        <DCC_E>false</DCC_E>
        <DCC_OutputNeverBuildDcps>true</DCC_OutputNeverBuildDcps>
        <DCC_Description>CnPack Components Runtime Package</DCC_Description>
        <DCC_ImageBase>00400000</DCC_ImageBase>
        <DCC_Namespace>Vcl;Vcl.Imaging;Vcl.Touch;Vcl.Samples;Vcl.Shell;System;Xml;Data;Datasnap;Web;Soap;Winapi;System.Win;$(DCC_Namespace)</DCC_Namespace>
        <VerInfo_Keys>CompanyName=;FileDescription=;FileVersion=1.0.0.0;InternalName=;LegalCopyright=;LegalTrademarks=;OriginalFilename=;ProductName=;ProductVersion=1.0.0.0;Comments=;CFBundleName=;CFBundleDisplayName=;CFBundleIdentifier=;CFBundleVersion=;CFBundlePackageType=;CFBundleSignature=;CFBundleAllowMixedLocalizations=;CFBundleExecutable=</VerInfo_Keys>
        <DCC_N>false</DCC_N>
        <DCC_S>false</DCC_S>
        <GenDll>true</GenDll>
        <VerInfo_Locale>2052</VerInfo_Locale>
    </PropertyGroup>
    <PropertyGroup Condition="'$(Base_Win32)'!=''">
        <DCC_Namespace>Data.Win;Datasnap.Win;Web.Win;Soap.Win;Xml.Win;Bde;$(DCC_Namespace)</DCC_Namespace>
        <VerInfo_Locale>1033</VerInfo_Locale>
        <VerInfo_IncludeVerInfo>true</VerInfo_IncludeVerInfo>
        <VerInfo_Keys>CompanyName=;FileDescription=;FileVersion=1.0.0.0;InternalName=;LegalCopyright=;LegalTrademarks=;OriginalFilename=;ProductName=;ProductVersion=1.0.0.0;Comments=</VerInfo_Keys>
    </PropertyGroup>
    <PropertyGroup Condition="'$(Cfg_1)'!=''">
        <DCC_LocalDebugSymbols>false</DCC_LocalDebugSymbols>
        <DCC_SymbolReferenceInfo>0</DCC_SymbolReferenceInfo>
        <DCC_DebugInformation>0</DCC_DebugInformation>
        <DCC_Define>RELEASE;$(DCC_Define)</DCC_Define>
    </PropertyGroup>
    <PropertyGroup Condition="'$(Cfg_1_Win32)'!=''">
        <VerInfo_Build>0</VerInfo_Build>
        <VerInfo_Locale>1033</VerInfo_Locale>
        <VerInfo_IncludeVerInfo>true</VerInfo_IncludeVerInfo>
        <VerInfo_Keys>CompanyName=;FileDescription=;FileVersion=1.0.0.0;InternalName=;LegalCopyright=;LegalTrademarks=;OriginalFilename=;ProductName=;ProductVersion=1.0.0.0;Comments=;LastCompiledTime=2013-9-28 19:27:50</VerInfo_Keys>
    </PropertyGroup>
    <PropertyGroup Condition="'$(Cfg_2)'!=''">
        <DCC_GenerateStackFrames>true</DCC_GenerateStackFrames>
        <DCC_Define>DEBUG;$(DCC_Define)</DCC_Define>
        <DCC_Optimize>false</DCC_Optimize>
    </PropertyGroup>
    <ItemGroup>
        <DelphiCompile Include="$(MainSource)">
            <MainSource>MainSource</MainSource>
        </DelphiCompile>
        <DCCReference Include="vcl.dcp"/>
        <DCCReference Include="vclx.dcp"/>
        <DCCReference Include="vclimg.dcp"/>
        <DCCReference Include="vcldb.dcp"/>
        <DCCReference Include="adortl.dcp"/>
        <DCCReference Include="dsnap.dcp"/>
        <DCCReference Include="xmlrtl.dcp"/>
        <DCCReference Include="soaprtl.dcp"/>
        <DCCReference Include="vclsmp.dcp"/>
        <DCCReference Include="fmx.dcp"/>
        <DCCReference Include="..\..\Source\Common\CnAntiCheater.pas"/>
        <DCCReference Include="..\..\Source\Common\CnBigDecimal.pas"/>
        <DCCReference Include="..\..\Source\Common\CnBigRational.pas"/>
        <DCCReference Include="..\..\Source\Common\CnBinaryDiffPatch.pas"/>
        <DCCReference Include="..\..\Source\Common\CnBloomFilter.pas"/>
        <DCCReference Include="..\..\Source\Common\CnCalClass.pas"/>
        <DCCReference Include="..\..\Source\Common\CnCalendar.pas"/>
        <DCCReference Include="..\..\Source\Common\CnCallBack.pas"/>
        <DCCReference Include="..\..\Source\Common\CnClasses.pas"/>
        <DCCReference Include="..\..\Source\Common\CnCommon.pas"/>
        <DCCReference Include="..\..\Source\Common\CnCompUtils.pas"/>
        <DCCReference Include="..\..\Source\Common\CnConsts.pas"/>
        <DCCReference Include="..\..\Source\Common\CnContainers.pas"/>
        <DCCReference Include="..\..\Source\Common\CnDancingLinks.pas"/>
        <DCCReference Include="..\..\Source\Common\CnDynObjBuilder.pas"/>
        <DCCReference Include="..\..\Source\Common\CnEventBus.pas"/>
        <DCCReference Include="..\..\Source\Common\CnEventHook.pas"/>
        <DCCReference Include="..\..\Source\Common\CnFitCurve.pas"/>
        <DCCReference Include="..\..\Source\Common\CnFloat.pas"/>
        <DCCReference Include="..\..\Source\Common\CnGB18030.pas"/>
        <DCCReference Include="..\..\Source\Common\CnFmxUtils.pas"/>
        <DCCReference Include="..\..\Source\Common\CnGraphUtils.pas"/>
        <DCCReference Include="..\..\Source\Common\CnHardWareInfo.pas"/>
        <DCCReference Include="..\..\Source\Common\CnHashMap.pas"/>
        <DCCReference Include="..\..\Source\Common\CnHashTable.pas"/>
        <DCCReference Include="..\..\Source\Common\CnIni.pas"/>
        <DCCReference Include="..\..\Source\Common\CnIniCfg.pas"/>
        <DCCReference Include="..\..\Source\Common\CnIniStrUtils.pas"/>
        <DCCReference Include="..\..\Source\Common\CnJSON.pas"/>
        <DCCReference Include="..\..\Source\Common\CnLinkedList.pas"/>
        <DCCReference Include="..\..\Source\Common\CnLockFree.pas"/>
        <DCCReference Include="..\..\Source\Common\CnMarkDown.pas"/>
        <DCCReference Include="..\..\Source\Common\CnMath.pas"/>
        <DCCReference Include="..\..\Source\Common\CnMatrix.pas"/>
        <DCCReference Include="..\..\Source\Common\CnMethodHook.pas"/>
        <DCCReference Include="..\..\Source\Common\CnMulticastEvent.pas"/>
        <DCCReference Include="..\..\Source\Common\CnObjAuto.pas"/>
        <DCCReference Include="..\..\Source\Common\CnPDF.pas"/>
        <DCCReference Include="..\..\Source\Common\CnPE.pas"/>
        <DCCReference Include="..\..\Source\Common\CnQuantum.pas"/>
        <DCCReference Include="..\..\Source\Common\CnRopes.pas"/>
        <DCCReference Include="..\..\Source\Common\CnShellUtils.pas"/>
        <DCCReference Include="..\..\Source\Common\CnSingleton.pas"/>
        <DCCReference Include="..\..\Source\Common\CnSingletonComp.pas"/>
        <DCCReference Include="..\..\Source\Common\CnSkipList.pas"/>
        <DCCReference Include="..\..\Source\Common\CnSQLite.pas"/>
        <DCCReference Include="..\..\Source\Common\CnStrDiff.pas"/>
        <DCCReference Include="..\..\Source\Common\CnStream.pas"/>
        <DCCReference Include="..\..\Source\Common\CnStrings.pas"/>
        <DCCReference Include="..\..\Source\Common\CnThreadTaskMgr.pas"/>
        <DCCReference Include="..\..\Source\Common\CnTree.pas"/>
        <DCCReference Include="..\..\Source\Common\CnVarList.pas"/>
        <DCCReference Include="..\..\Source\Common\CnVCLBase.pas"/>
        <DCCReference Include="..\..\Source\Common\CnVclFmxMixed.pas"/>
        <DCCReference Include="..\..\Source\Common\CnWideStrings.pas"/>
        <DCCReference Include="..\..\Source\Common\CnWinSvc.pas"/>
        <DCCReference Include="..\..\Source\Common\CnXMLPersistent.pas"/>
        <DCCReference Include="..\..\Source\Common\CnZip.pas"/>
        <DCCReference Include="..\..\Source\Crypto\Cn25519.pas"/>
        <DCCReference Include="..\..\Source\Crypto\CnAES.pas"/>
        <DCCReference Include="..\..\Source\Crypto\CnBase64.pas"/>
        <DCCReference Include="..\..\Source\Crypto\CnBerUtils.pas"/>
        <DCCReference Include="..\..\Source\Crypto\CnBigNumber.pas"/>
        <DCCReference Include="..\..\Source\Crypto\CnBits.pas"/>
        <DCCReference Include="..\..\Source\Crypto\CnBLAKE.pas"/>
        <DCCReference Include="..\..\Source\Crypto\CnCertificateAuthority.pas"/>
        <DCCReference Include="..\..\Source\Crypto\CnComplex.pas"/>
        <DCCReference Include="..\..\Source\Crypto\CnCRC32.pas"/>
        <DCCReference Include="..\..\Source\Crypto\CnDES.pas"/>
        <DCCReference Include="..\..\Source\Crypto\CnDFT.pas"/>
        <DCCReference Include="..\..\Source\Crypto\CnDSA.pas"/>
        <DCCReference Include="..\..\Source\Crypto\CnECC.pas"/>
        <DCCReference Include="..\..\Source\Crypto\CnFEC.pas"/>
        <DCCReference Include="..\..\Source\Crypto\CnFNV.pas"/>
        <DCCReference Include="..\..\Source\Crypto\CnInt128.pas"/>
        <DCCReference Include="..\..\Source\Crypto\CnKDF.pas"/>
        <DCCReference Include="..\..\Source\Crypto\CnLattice.pas"/>
        <DCCReference Include="..\..\Source\Crypto\CnMD5.pas"/>
        <DCCReference Include="..\..\Source\Crypto\CnNative.pas"/>
        <DCCReference Include="..\..\Source\Crypto\CnOTP.pas"/>
        <DCCReference Include="..\..\Source\Crypto\CnOTS.pas"/>
        <DCCReference Include="..\..\Source\Crypto\CnPaillier.pas"/>
        <DCCReference Include="..\..\Source\Crypto\CnPDFCrypt.pas"/>
        <DCCReference Include="..\..\Source\Crypto\CnPemUtils.pas"/>
        <DCCReference Include="..\..\Source\Crypto\CnPolynomial.pas"/>
        <DCCReference Include="..\..\Source\Crypto\CnPrime.pas"/>
        <DCCReference Include="..\..\Source\Crypto\CnRandom.pas"/>
        <DCCReference Include="..\..\Source\Crypto\CnRC4.pas"/>
        <DCCReference Include="..\..\Source\Crypto\CnRSA.pas"/>
        <DCCReference Include="..\..\Source\Crypto\CnSecretSharing.pas"/>
        <DCCReference Include="..\..\Source\Crypto\CnSHA1.pas"/>
        <DCCReference Include="..\..\Source\Crypto\CnSHA2.pas"/>
        <DCCReference Include="..\..\Source\Crypto\CnSHA3.pas"/>
        <DCCReference Include="..\..\Source\Crypto\CnSM2.pas"/>
        <DCCReference Include="..\..\Source\Crypto\CnSM3.pas"/>
        <DCCReference Include="..\..\Source\Crypto\CnSM4.pas"/>
        <DCCReference Include="..\..\Source\Crypto\CnSM9.pas"/>
        <DCCReference Include="..\..\Source\Crypto\CnTEA.pas"/>
        <DCCReference Include="..\..\Source\Crypto\CnVector.pas"/>
        <DCCReference Include="..\..\Source\Crypto\CnZUC.pas"/>
        <DCCReference Include="..\..\Source\DbReport\CnADOBinding.pas"/>
        <DCCReference Include="..\..\Source\DbReport\CnADOUpdateSQL.pas"/>
        <DCCReference Include="..\..\Source\DbReport\CnDataGrid.pas"/>
        <DCCReference Include="..\..\Source\DbReport\CnDBConsts.pas"/>
        <DCCReference Include="..\..\Source\DbReport\CnDHibernateAppUtils.pas"/>
        <DCCReference Include="..\..\Source\DbReport\CnDHibernateArrayList.pas"/>
        <DCCReference Include="..\..\Source\DbReport\CnDHibernateBackupRestore.pas"/>
        <DCCReference Include="..\..\Source\DbReport\CnDHibernateBase.pas"/>
        <DCCReference Include="..\..\Source\DbReport\CnDHibernateBatchSQL.pas"/>
        <DCCReference Include="..\..\Source\DbReport\CnDHibernateCalc.pas"/>
        <DCCReference Include="..\..\Source\DbReport\CnDHibernateClasses.pas"/>
        <DCCReference Include="..\..\Source\DbReport\CnDHibernateConsts.pas"/>
        <DCCReference Include="..\..\Source\DbReport\CnDHibernateDateUtils.pas"/>
        <DCCReference Include="..\..\Source\DbReport\CnDHibernateExport.pas"/>
        <DCCReference Include="..\..\Source\DbReport\CnDHibernateImport.pas"/>
        <DCCReference Include="..\..\Source\DbReport\CnDHibernateMemData.pas"/>
        <DCCReference Include="..\..\Source\DbReport\CnDHibernateNavigator.pas"/>
        <DCCReference Include="..\..\Source\DbReport\CnDHibernatePodoList.pas"/>
        <DCCReference Include="..\..\Source\DbReport\CnDHibernateQueryAdv.pas"/>
        <DCCReference Include="..\..\Source\DbReport\CnDHibernateSet.pas"/>
        <DCCReference Include="..\..\Source\DbReport\CnDHibernateSQLThread.pas"/>
        <DCCReference Include="..\..\Source\DbReport\CnDHibernateStringUtils.pas"/>
        <DCCReference Include="..\..\Source\DbReport\CnDHibernateSubQuery.pas"/>
        <DCCReference Include="..\..\Source\DbReport\CnDHibernateSubQueryAdv.pas"/>
        <DCCReference Include="..\..\Source\DbReport\CnDHibernateThread.pas"/>
        <DCCReference Include="..\..\Source\DbReport\CnDHibernateUtils.pas"/>
        <DCCReference Include="..\..\Source\DbReport\CnExcelUnit.pas"/>
        <DCCReference Include="..\..\Source\DbReport\CnPagedGrid.pas"/>
        <DCCReference Include="..\..\Source\DbReport\CnRunSqlFrame.pas">
        	<Form>CnFrameRunSql</Form>
        	<DesignClass>TFrame</DesignClass>
        </DCCReference>
        <DCCReference Include="..\..\Source\DbReport\CnRunSqlUnit.pas"/>
        <DCCReference Include="..\..\Source\DbReport\CnSQLAnalyzer.pas"/>
        <DCCReference Include="..\..\Source\DbReport\CnXlsWriter.pas"/>
        <DCCReference Include="..\..\Source\Graphics\CnAACtrls.pas"/>
        <DCCReference Include="..\..\Source\Graphics\CnAAFont.pas"/>
        <DCCReference Include="..\..\Source\Graphics\CnAAFontDialog.pas">
        	<Form>CnAAFontDlg</Form>
        </DCCReference>
        <DCCReference Include="..\..\Source\Graphics\CnAOTreeView.pas"/>
        <DCCReference Include="..\..\Source\Graphics\CnAutoOption.pas"/>
        <DCCReference Include="..\..\Source\Graphics\CnButtonEdit.pas"/>
        <DCCReference Include="..\..\Source\Graphics\CnButtons.pas"/>
        <DCCReference Include="..\..\Source\Graphics\CnCheckTreeView.pas"/>
        <DCCReference Include="..\..\Source\Graphics\CnColorGrid.pas"/>
        <DCCReference Include="..\..\Source\Graphics\CnEdit.pas"/>
        <DCCReference Include="..\..\Source\Graphics\CnErrorProvider.pas"/>
        <DCCReference Include="..\..\Source\Graphics\CnGauge.pas"/>
        <DCCReference Include="..\..\Source\Graphics\CnGraphConsts.pas"/>
        <DCCReference Include="..\..\Source\Graphics\CnGraphics.pas"/>
        <DCCReference Include="..\..\Source\Graphics\CnHexEditor.pas"/>
        <DCCReference Include="..\..\Source\Graphics\CnHint.pas"/>
        <DCCReference Include="..\..\Source\Graphics\CnIconUtils.pas"/>
        <DCCReference Include="..\..\Source\Graphics\CnImage.pas"/>
        <DCCReference Include="..\..\Source\Graphics\CnLED.pas"/>
        <DCCReference Include="..\..\Source\Graphics\CnListBox.pas"/>
        <DCCReference Include="..\..\Source\Graphics\CnMemo.pas"/>
        <DCCReference Include="..\..\Source\Graphics\CnMonthCalendar.pas"/>
        <DCCReference Include="..\..\Source\Graphics\CnOpenGLPaintBox.pas"/>
        <DCCReference Include="..\..\Source\Graphics\CnPanel.pas"/>
        <DCCReference Include="..\..\Source\Graphics\CnShellCtrls.pas"/>
        <DCCReference Include="..\..\Source\Graphics\CnSkinMagic.pas"/>
        <DCCReference Include="..\..\Source\Graphics\CnSpin.pas"/>
        <DCCReference Include="..\..\Source\Graphics\CnSplitter.pas"/>
        <DCCReference Include="..\..\Source\Graphics\CnTabSet.pas"/>
        <DCCReference Include="..\..\Source\Graphics\CnTextControl.pas"/>
        <DCCReference Include="..\..\Source\Graphics\CnValidateImage.pas"/>
        <DCCReference Include="..\..\Source\Graphics\CnWaterEffect.pas"/>
        <DCCReference Include="..\..\Source\Graphics\CnWaterImage.pas"/>
        <DCCReference Include="..\..\Source\Graphics\CnWizardImage.pas"/>
        <DCCReference Include="..\..\Source\MultiLang\CnHashIniFile.pas"/>
        <DCCReference Include="..\..\Source\MultiLang\CnHashLangStorage.pas"/>
        <DCCReference Include="..\..\Source\MultiLang\CnIniLangFileStorage.pas"/>
        <DCCReference Include="..\..\Source\MultiLang\CnLangCollection.pas"/>
        <DCCReference Include="..\..\Source\MultiLang\CnLangConsts.pas"/>
        <DCCReference Include="..\..\Source\MultiLang\CnLangMgr.pas"/>
        <DCCReference Include="..\..\Source\MultiLang\CnLangStorage.pas"/>
        <DCCReference Include="..\..\Source\MultiLang\CnLangTranslator.pas"/>
        <DCCReference Include="..\..\Source\MultiLang\CnLangUtils.pas"/>
        <DCCReference Include="..\..\Source\NetComm\CnCameraEye.pas"/>
        <DCCReference Include="..\..\Source\NetComm\CnDialUp.pas"/>
        <DCCReference Include="..\..\Source\NetComm\CnDNS.pas"/>
        <DCCReference Include="..\..\Source\NetComm\CnIISCtrl.pas"/>
        <DCCReference Include="..\..\Source\NetComm\CnInetUtils.pas"/>
        <DCCReference Include="..\..\Source\NetComm\CnIocpSimpleMemPool.pas"/>
        <DCCReference Include="..\..\Source\NetComm\CnIocpSocketAdapter.pas"/>
        <DCCReference Include="..\..\Source\NetComm\CnIP.pas"/>
        <DCCReference Include="..\..\Source\NetComm\CnModem.pas"/>
        <DCCReference Include="..\..\Source\NetComm\CnNetConsts.pas"/>
        <DCCReference Include="..\..\Source\NetComm\CnNetwork.pas"/>
        <DCCReference Include="..\..\Source\NetComm\CnPing.pas"/>
        <DCCReference Include="..\..\Source\NetComm\CnRedisClient.pas"/>
        <DCCReference Include="..\..\Source\NetComm\CnRS232.pas"/>
        <DCCReference Include="..\..\Source\NetComm\CnRS232Dialog.pas">
        	<Form>CnRS232Dlg</Form>
        </DCCReference>
        <DCCReference Include="..\..\Source\NetComm\CnSocket.pas"/>
        <DCCReference Include="..\..\Source\NetComm\CnTCPClient.pas"/>
        <DCCReference Include="..\..\Source\NetComm\CnTCPForwarder.pas"/>
        <DCCReference Include="..\..\Source\NetComm\CnThreadingTCPServer.pas"/>
        <DCCReference Include="..\..\Source\NetComm\CnTwain.pas"/>
        <DCCReference Include="..\..\Source\NetComm\CnUDP.pas"/>
        <DCCReference Include="..\..\Source\NonVisual\CnActionListHook.pas"/>
        <DCCReference Include="..\..\Source\NonVisual\CnActiveScript.pas"/>
        <DCCReference Include="..\..\Source\NonVisual\CnADOConPool.pas"/>
        <DCCReference Include="..\..\Source\NonVisual\CnASCommon.pas"/>
        <DCCReference Include="..\..\Source\NonVisual\CnASHostServices.pas"/>
        <DCCReference Include="..\..\Source\NonVisual\CnASIDispatchProxy.pas"/>
        <DCCReference Include="..\..\Source\NonVisual\CnASInvoker.pas"/>
        <DCCReference Include="..\..\Source\NonVisual\CnCompConsts.pas"/>
        <DCCReference Include="..\..\Source\NonVisual\CnConsole.pas"/>
        <DCCReference Include="..\..\Source\NonVisual\CnControlHook.pas"/>
        <DCCReference Include="..\..\Source\NonVisual\CnDelphiDockStyle.pas"/>
        <DCCReference Include="..\..\Source\NonVisual\CnDockFormControl.pas"/>
        <DCCReference Include="..\..\Source\NonVisual\CnDockGlobal.pas"/>
        <DCCReference Include="..\..\Source\NonVisual\CnDockHashTable.pas"/>
        <DCCReference Include="..\..\Source\NonVisual\CnDockInfo.pas"/>
        <DCCReference Include="..\..\Source\NonVisual\CnDockSupportClass.pas"/>
        <DCCReference Include="..\..\Source\NonVisual\CnDockSupportControl.pas"/>
        <DCCReference Include="..\..\Source\NonVisual\CnDockSupportProc.pas"/>
        <DCCReference Include="..\..\Source\NonVisual\CnDockTree.pas"/>
        <DCCReference Include="..\..\Source\NonVisual\CnDragResizer.pas"/>
        <DCCReference Include="..\..\Source\NonVisual\CnFilePacker.pas"/>
        <DCCReference Include="..\..\Source\NonVisual\CnFileSystemWatcher.pas"/>
        <DCCReference Include="..\..\Source\NonVisual\CnFormScaler.pas"/>
        <DCCReference Include="..\..\Source\NonVisual\CnGlobalKeyHook.pas"/>
        <DCCReference Include="..\..\Source\NonVisual\CnHardwareBreakpoint.pas"/>
        <DCCReference Include="..\..\Source\NonVisual\CnInProcessAPIHook.pas"/>
        <DCCReference Include="..\..\Source\NonVisual\CnKeyBlocker.pas"/>
        <DCCReference Include="..\..\Source\NonVisual\CnMDIBackGround.pas"/>
        <DCCReference Include="..\..\Source\NonVisual\CnMemorySearch.pas"/>
        <DCCReference Include="..\..\Source\NonVisual\CnMenuHook.pas"/>
        <DCCReference Include="..\..\Source\NonVisual\CnObjectPool.pas"/>
        <DCCReference Include="..\..\Source\NonVisual\CnOuterControls.pas"/>
        <DCCReference Include="..\..\Source\NonVisual\CnRawInput.pas"/>
        <DCCReference Include="..\..\Source\NonVisual\CnRestoreSystemMenu.pas"/>
        <DCCReference Include="..\..\Source\NonVisual\CnSystemDebugControl.pas"/>
        <DCCReference Include="..\..\Source\NonVisual\CnTaskBar.pas"/>
        <DCCReference Include="..\..\Source\NonVisual\CnThreadPool.pas"/>
        <DCCReference Include="..\..\Source\NonVisual\CnTimer.pas"/>
        <DCCReference Include="..\..\Source\NonVisual\CnTrayIcon.pas"/>
        <DCCReference Include="..\..\Source\NonVisual\CnVCDockStyle.pas"/>
        <DCCReference Include="..\..\Source\NonVisual\CnVIDDockStyle.pas"/>
        <DCCReference Include="..\..\Source\NonVisual\CnVolumeCtrl.pas"/>
        <DCCReference Include="..\..\Source\NonVisual\CnVSNETDockStyle.pas"/>
        <DCCReference Include="..\..\Source\NonVisual\CnWinampCtrl.pas"/>
        <DCCReference Include="..\..\Source\ObjRep\CnFoxmailMsgFrm.pas"/>
        <DCCReference Include="..\..\Source\ObjRep\CnProgressFrm.pas"/>
        <DCCReference Include="..\..\Source\Skin\CnSkinForm.pas"/>
        <DCCReference Include="..\..\Source\Skin\CnSkinMenu.pas"/>
        <DCCReference Include="..\..\Source\Skin\CnSkinStdCtrls.pas"/>
        <DCCReference Include="..\..\Source\Skin\CnSkinStyle.pas"/>
        <DCCReference Include="..\..\Source\Skin\CnSkinTheme.pas"/>
        <DCCReference Include="..\..\Source\Skin\CnSkinXPBlueStyle.pas"/>
        <DCCReference Include="..\..\Source\Skin\CnSkinXPGreenStyle.pas"/>
        <DCCReference Include="..\..\Source\Skin\CnSkinXPSilverStyle.pas"/>
        <BuildConfiguration Include="Debug">
            <Key>Cfg_2</Key>
            <CfgParent>Base</CfgParent>
        </BuildConfiguration>
        <BuildConfiguration Include="Base">
            <Key>Base</Key>
        </BuildConfiguration>
        <BuildConfiguration Include="Release">
            <Key>Cfg_1</Key>
            <CfgParent>Base</CfgParent>
        </BuildConfiguration>
    </ItemGroup>
    <ProjectExtensions>
        <Borland.Personality>Delphi.Personality.12</Borland.Personality>
        <Borland.ProjectType>Package</Borland.ProjectType>
        <BorlandProject>
            <Delphi.Personality>
                <Source>
                    <Source Name="MainSource">CnPack_D10S.dpk</Source>
                </Source>
                <VersionInfo>
                    <VersionInfo Name="IncludeVerInfo">True</VersionInfo>
                    <VersionInfo Name="AutoIncBuild">False</VersionInfo>
                    <VersionInfo Name="MajorVer">1</VersionInfo>
                    <VersionInfo Name="MinorVer">0</VersionInfo>
                    <VersionInfo Name="Release">0</VersionInfo>
                    <VersionInfo Name="Build">3</VersionInfo>
                    <VersionInfo Name="Debug">False</VersionInfo>
                    <VersionInfo Name="PreRelease">False</VersionInfo>
                    <VersionInfo Name="Special">False</VersionInfo>
                    <VersionInfo Name="Private">False</VersionInfo>
                    <VersionInfo Name="DLL">False</VersionInfo>
                    <VersionInfo Name="Locale">2052</VersionInfo>
                    <VersionInfo Name="CodePage">936</VersionInfo>
                </VersionInfo>
                <VersionInfoKeys>
                    <VersionInfoKeys Name="CompanyName"/>
                    <VersionInfoKeys Name="FileDescription"/>
                    <VersionInfoKeys Name="FileVersion">1.0.0.3</VersionInfoKeys>
                    <VersionInfoKeys Name="InternalName"/>
                    <VersionInfoKeys Name="LegalCopyright"/>
                    <VersionInfoKeys Name="LegalTrademarks"/>
                    <VersionInfoKeys Name="OriginalFilename"/>
                    <VersionInfoKeys Name="ProductName"/>
                    <VersionInfoKeys Name="ProductVersion">1.0.0.0</VersionInfoKeys>
                    <VersionInfoKeys Name="Comments"/>
                    <VersionInfoKeys Name="CFBundleName"/>
                    <VersionInfoKeys Name="CFBundleDisplayName"/>
                    <VersionInfoKeys Name="CFBundleIdentifier"/>
                    <VersionInfoKeys Name="CFBundleVersion"/>
                    <VersionInfoKeys Name="CFBundlePackageType"/>
                    <VersionInfoKeys Name="CFBundleSignature"/>
                    <VersionInfoKeys Name="CFBundleAllowMixedLocalizations"/>
                    <VersionInfoKeys Name="CFBundleExecutable"/>
                    <VersionInfoKeys Name="LastCompiledTime">2013-9-28 19:27:50</VersionInfoKeys>
                </VersionInfoKeys>
                <Excluded_Packages>
                    <Excluded_Packages Name="$(BDSBIN)\bcboffice2k170.bpl">Embarcadero C++Builder Office 2000 Servers Package</Excluded_Packages>
                    <Excluded_Packages Name="$(BDSBIN)\bcbofficexp170.bpl">Embarcadero C++Builder Office XP Servers Package</Excluded_Packages>
                    <Excluded_Packages Name="$(BDSBIN)\dcloffice2k170.bpl">Microsoft Office 2000 Sample Automation Server Wrapper Components</Excluded_Packages>
                    <Excluded_Packages Name="$(BDSBIN)\dclofficexp170.bpl">Microsoft Office XP Sample Automation Server Wrapper Components</Excluded_Packages>
                </Excluded_Packages>
            </Delphi.Personality>
            <Platforms>
                <Platform value="Win32">True</Platform>
            </Platforms>
            <Deployment Version="1">
                <DeployFile LocalName="C:\Documents and Settings\All Users\Documents\Embarcadero\Studio\16.0\Bpl\CnPack_DXE8.bpl" Configuration="Release" Class="ProjectOutput">
                    <Platform Name="Win32">
                        <RemoteName>CnPack_DXE8.bpl</RemoteName>
                        <Overwrite>true</Overwrite>
                    </Platform>
                </DeployFile>
                <DeployClass Required="true" Name="DependencyPackage">
                    <Platform Name="iOSDevice64">
                        <Operation>1</Operation>
                        <Extensions>.dylib</Extensions>
                    </Platform>
                    <Platform Name="Win32">
                        <Operation>0</Operation>
                        <Extensions>.bpl</Extensions>
                    </Platform>
                    <Platform Name="OSX32">
                        <Operation>1</Operation>
                        <Extensions>.dylib</Extensions>
                    </Platform>
                    <Platform Name="iOSSimulator">
                        <Operation>1</Operation>
                        <Extensions>.dylib</Extensions>
                    </Platform>
                    <Platform Name="iOSDevice32">
                        <Operation>1</Operation>
                        <Extensions>.dylib</Extensions>
                    </Platform>
                </DeployClass>
                <DeployClass Name="DependencyModule">
                    <Platform Name="OSX32">
                        <Operation>1</Operation>
                        <Extensions>.dylib</Extensions>
                    </Platform>
                    <Platform Name="Win32">
                        <Operation>0</Operation>
                        <Extensions>.dll;.bpl</Extensions>
                    </Platform>
                </DeployClass>
                <DeployClass Name="iPad_Launch2048">
                    <Platform Name="iOSDevice64">
                        <Operation>1</Operation>
                    </Platform>
                    <Platform Name="iOSSimulator">
                        <Operation>1</Operation>
                    </Platform>
                    <Platform Name="iOSDevice32">
                        <Operation>1</Operation>
                    </Platform>
                </DeployClass>
                <DeployClass Name="ProjectOSXInfoPList"/>
                <DeployClass Name="ProjectiOSDeviceDebug">
                    <Platform Name="iOSDevice64">
                        <RemoteDir>..\$(PROJECTNAME).app.dSYM\Contents\Resources\DWARF</RemoteDir>
                        <Operation>1</Operation>
                    </Platform>
                    <Platform Name="iOSDevice32">
                        <RemoteDir>..\$(PROJECTNAME).app.dSYM\Contents\Resources\DWARF</RemoteDir>
                        <Operation>1</Operation>
                    </Platform>
                </DeployClass>
                <DeployClass Name="Android_SplashImage470">
                    <Platform Name="Android">
                        <RemoteDir>res\drawable-normal</RemoteDir>
                        <Operation>1</Operation>
                    </Platform>
                </DeployClass>
                <DeployClass Name="AndroidLibnativeX86File">
                    <Platform Name="Android">
                        <RemoteDir>library\lib\x86</RemoteDir>
                        <Operation>1</Operation>
                    </Platform>
                </DeployClass>
                <DeployClass Name="ProjectiOSResource">
                    <Platform Name="iOSDevice64">
                        <Operation>1</Operation>
                    </Platform>
                    <Platform Name="iOSSimulator">
                        <Operation>1</Operation>
                    </Platform>
                    <Platform Name="iOSDevice32">
                        <Operation>1</Operation>
                    </Platform>
                </DeployClass>
                <DeployClass Name="ProjectOSXEntitlements"/>
                <DeployClass Name="AndroidGDBServer">
                    <Platform Name="Android">
                        <RemoteDir>library\lib\armeabi-v7a</RemoteDir>
                        <Operation>1</Operation>
                    </Platform>
                </DeployClass>
                <DeployClass Name="iPhone_Launch640">
                    <Platform Name="iOSDevice64">
                        <Operation>1</Operation>
                    </Platform>
                    <Platform Name="iOSSimulator">
                        <Operation>1</Operation>
                    </Platform>
                    <Platform Name="iOSDevice32">
                        <Operation>1</Operation>
                    </Platform>
                </DeployClass>
                <DeployClass Name="Android_SplashImage960">
                    <Platform Name="Android">
                        <RemoteDir>res\drawable-xlarge</RemoteDir>
                        <Operation>1</Operation>
                    </Platform>
                </DeployClass>
                <DeployClass Name="Android_LauncherIcon96">
                    <Platform Name="Android">
                        <RemoteDir>res\drawable-xhdpi</RemoteDir>
                        <Operation>1</Operation>
                    </Platform>
                </DeployClass>
                <DeployClass Name="iPhone_Launch320">
                    <Platform Name="iOSDevice64">
                        <Operation>1</Operation>
                    </Platform>
                    <Platform Name="iOSSimulator">
                        <Operation>1</Operation>
                    </Platform>
                    <Platform Name="iOSDevice32">
                        <Operation>1</Operation>
                    </Platform>
                </DeployClass>
                <DeployClass Name="Android_LauncherIcon144">
                    <Platform Name="Android">
                        <RemoteDir>res\drawable-xxhdpi</RemoteDir>
                        <Operation>1</Operation>
                    </Platform>
                </DeployClass>
                <DeployClass Name="AndroidLibnativeMipsFile">
                    <Platform Name="Android">
                        <RemoteDir>library\lib\mips</RemoteDir>
                        <Operation>1</Operation>
                    </Platform>
                </DeployClass>
                <DeployClass Name="AndroidSplashImageDef">
                    <Platform Name="Android">
                        <RemoteDir>res\drawable</RemoteDir>
                        <Operation>1</Operation>
                    </Platform>
                </DeployClass>
                <DeployClass Name="DebugSymbols">
                    <Platform Name="OSX32">
                        <Operation>1</Operation>
                    </Platform>
                    <Platform Name="iOSSimulator">
                        <Operation>1</Operation>
                    </Platform>
                    <Platform Name="Win32">
                        <Operation>0</Operation>
                    </Platform>
                </DeployClass>
                <DeployClass Name="DependencyFramework">
                    <Platform Name="OSX32">
                        <Operation>1</Operation>
                        <Extensions>.framework</Extensions>
                    </Platform>
                    <Platform Name="Win32">
                        <Operation>0</Operation>
                    </Platform>
                </DeployClass>
                <DeployClass Name="Android_SplashImage426">
                    <Platform Name="Android">
                        <RemoteDir>res\drawable-small</RemoteDir>
                        <Operation>1</Operation>
                    </Platform>
                </DeployClass>
                <DeployClass Name="ProjectiOSEntitlements"/>
                <DeployClass Name="AdditionalDebugSymbols">
                    <Platform Name="OSX32">
                        <Operation>1</Operation>
                    </Platform>
                    <Platform Name="Win32">
                        <RemoteDir>Contents\MacOS</RemoteDir>
                        <Operation>0</Operation>
                    </Platform>
                </DeployClass>
                <DeployClass Name="AndroidClassesDexFile">
                    <Platform Name="Android">
                        <RemoteDir>classes</RemoteDir>
                        <Operation>1</Operation>
                    </Platform>
                </DeployClass>
                <DeployClass Name="ProjectiOSInfoPList"/>
                <DeployClass Name="iPad_Launch1024">
                    <Platform Name="iOSDevice64">
                        <Operation>1</Operation>
                    </Platform>
                    <Platform Name="iOSSimulator">
                        <Operation>1</Operation>
                    </Platform>
                    <Platform Name="iOSDevice32">
                        <Operation>1</Operation>
                    </Platform>
                </DeployClass>
                <DeployClass Name="Android_DefaultAppIcon">
                    <Platform Name="Android">
                        <RemoteDir>res\drawable</RemoteDir>
                        <Operation>1</Operation>
                    </Platform>
                </DeployClass>
                <DeployClass Name="ProjectOSXResource">
                    <Platform Name="OSX32">
                        <RemoteDir>Contents\Resources</RemoteDir>
                        <Operation>1</Operation>
                    </Platform>
                </DeployClass>
                <DeployClass Name="ProjectiOSDeviceResourceRules"/>
                <DeployClass Name="iPad_Launch768">
                    <Platform Name="iOSDevice64">
                        <Operation>1</Operation>
                    </Platform>
                    <Platform Name="iOSSimulator">
                        <Operation>1</Operation>
                    </Platform>
                    <Platform Name="iOSDevice32">
                        <Operation>1</Operation>
                    </Platform>
                </DeployClass>
                <DeployClass Required="true" Name="ProjectOutput">
                    <Platform Name="Android">
                        <RemoteDir>library\lib\armeabi-v7a</RemoteDir>
                        <Operation>1</Operation>
                    </Platform>
                    <Platform Name="iOSDevice64">
                        <Operation>1</Operation>
                    </Platform>
                    <Platform Name="Win32">
                        <Operation>0</Operation>
                    </Platform>
                    <Platform Name="OSX32">
                        <Operation>1</Operation>
                    </Platform>
                    <Platform Name="iOSSimulator">
                        <Operation>1</Operation>
                    </Platform>
                    <Platform Name="iOSDevice32">
                        <Operation>1</Operation>
                    </Platform>
                </DeployClass>
                <DeployClass Name="AndroidLibnativeArmeabiFile">
                    <Platform Name="Android">
                        <RemoteDir>library\lib\armeabi</RemoteDir>
                        <Operation>1</Operation>
                    </Platform>
                </DeployClass>
                <DeployClass Name="Android_SplashImage640">
                    <Platform Name="Android">
                        <RemoteDir>res\drawable-large</RemoteDir>
                        <Operation>1</Operation>
                    </Platform>
                </DeployClass>
                <DeployClass Name="File">
                    <Platform Name="Android">
                        <Operation>0</Operation>
                    </Platform>
                    <Platform Name="iOSDevice64">
                        <Operation>0</Operation>
                    </Platform>
                    <Platform Name="Win32">
                        <Operation>0</Operation>
                    </Platform>
                    <Platform Name="OSX32">
                        <Operation>0</Operation>
                    </Platform>
                    <Platform Name="iOSSimulator">
                        <Operation>0</Operation>
                    </Platform>
                    <Platform Name="iOSDevice32">
                        <Operation>0</Operation>
                    </Platform>
                </DeployClass>
                <DeployClass Name="iPhone_Launch640x1136">
                    <Platform Name="iOSDevice64">
                        <Operation>1</Operation>
                    </Platform>
                    <Platform Name="iOSSimulator">
                        <Operation>1</Operation>
                    </Platform>
                    <Platform Name="iOSDevice32">
                        <Operation>1</Operation>
                    </Platform>
                </DeployClass>
                <DeployClass Name="Android_LauncherIcon36">
                    <Platform Name="Android">
                        <RemoteDir>res\drawable-ldpi</RemoteDir>
                        <Operation>1</Operation>
                    </Platform>
                </DeployClass>
                <DeployClass Name="AndroidSplashStyles">
                    <Platform Name="Android">
                        <RemoteDir>res\values</RemoteDir>
                        <Operation>1</Operation>
                    </Platform>
                </DeployClass>
                <DeployClass Name="iPad_Launch1536">
                    <Platform Name="iOSDevice64">
                        <Operation>1</Operation>
                    </Platform>
                    <Platform Name="iOSSimulator">
                        <Operation>1</Operation>
                    </Platform>
                    <Platform Name="iOSDevice32">
                        <Operation>1</Operation>
                    </Platform>
                </DeployClass>
                <DeployClass Name="Android_LauncherIcon48">
                    <Platform Name="Android">
                        <RemoteDir>res\drawable-mdpi</RemoteDir>
                        <Operation>1</Operation>
                    </Platform>
                </DeployClass>
                <DeployClass Name="Android_LauncherIcon72">
                    <Platform Name="Android">
                        <RemoteDir>res\drawable-hdpi</RemoteDir>
                        <Operation>1</Operation>
                    </Platform>
                </DeployClass>
                <DeployClass Name="ProjectAndroidManifest">
                    <Platform Name="Android">
                        <Operation>1</Operation>
                    </Platform>
                </DeployClass>
                <ProjectRoot Platform="iOSDevice32" Name="$(PROJECTNAME).app"/>
                <ProjectRoot Platform="Android" Name="$(PROJECTNAME)"/>
                <ProjectRoot Platform="Win32" Name="$(PROJECTNAME)"/>
                <ProjectRoot Platform="iOSDevice64" Name="$(PROJECTNAME).app"/>
                <ProjectRoot Platform="OSX32" Name="$(PROJECTNAME)"/>
                <ProjectRoot Platform="iOSSimulator" Name="$(PROJECTNAME).app"/>
                <ProjectRoot Platform="Win64" Name="$(PROJECTNAME)"/>
            </Deployment>
        </BorlandProject>
        <ProjectFileVersion>12</ProjectFileVersion>
    </ProjectExtensions>
    <Import Project="$(BDS)\Bin\CodeGear.Delphi.Targets" Condition="Exists('$(BDS)\Bin\CodeGear.Delphi.Targets')"/>
    <Import Project="$(APPDATA)\Embarcadero\$(BDSAPPDATABASEDIR)\$(PRODUCTVERSION)\UserTools.proj" Condition="Exists('$(APPDATA)\Embarcadero\$(BDSAPPDATABASEDIR)\$(PRODUCTVERSION)\UserTools.proj')"/>
    <Import Project="$(MSBuildProjectName).deployproj" Condition="Exists('$(MSBuildProjectName).deployproj')"/>
</Project>
