<?xml version="1.0" encoding="utf-8"?>
<Project xmlns="http://schemas.microsoft.com/developer/msbuild/2003">
  <PropertyGroup>
    <ProjectGuid>{bd5b4b25-0111-4b70-8569-970fa42a7f6f}</ProjectGuid>
    <MainSource>CnPack_D11.dpk</MainSource>
    <Configuration Condition=" '$(Configuration)' == '' ">Release</Configuration>
    <Platform Condition=" '$(Platform)' == '' ">AnyCPU</Platform>
    <DCC_DCCCompiler>DCC32</DCC_DCCCompiler>
    <DCC_DependencyCheckOutputName>C:\Documents and Settings\All Users\Documents\RAD Studio\5.0\Bpl\CnPack_D11.bpl</DCC_DependencyCheckOutputName>
  </PropertyGroup>
  <PropertyGroup Condition=" '$(Configuration)|$(Platform)' == 'Release|AnyCPU' ">
    <Version>7.0</Version>
    <DCC_DebugInformation>False</DCC_DebugInformation>
    <DCC_WriteableConstants>True</DCC_WriteableConstants>
    <DCC_LocalDebugSymbols>False</DCC_LocalDebugSymbols>
    <DCC_Optimize>False</DCC_Optimize>
    <DCC_GenerateStackFrames>True</DCC_GenerateStackFrames>
    <DCC_SymbolReferenceInfo>0</DCC_SymbolReferenceInfo>
    <DCC_UnitSearchPath>..\..\Source\Common</DCC_UnitSearchPath>
    <DCC_ResourcePath>..\..\Source\Common</DCC_ResourcePath>
    <DCC_ObjPath>..\..\Source\Common</DCC_ObjPath>
    <DCC_IncludePath>..\..\Source\Common</DCC_IncludePath>
    <DCC_Define>RELEASE</DCC_Define>
    <DCC_UNSAFE_TYPE>True</DCC_UNSAFE_TYPE>
    <DCC_UNSAFE_CODE>True</DCC_UNSAFE_CODE>
    <DCC_UNSAFE_CAST>True</DCC_UNSAFE_CAST>
  </PropertyGroup>
  <PropertyGroup Condition=" '$(Configuration)|$(Platform)' == 'Debug|AnyCPU' ">
    <Version>7.0</Version>
    <DCC_WriteableConstants>True</DCC_WriteableConstants>
    <DCC_Optimize>False</DCC_Optimize>
    <DCC_GenerateStackFrames>True</DCC_GenerateStackFrames>
    <DCC_UnitSearchPath>..\..\Source\Common</DCC_UnitSearchPath>
    <DCC_ResourcePath>..\..\Source\Common</DCC_ResourcePath>
    <DCC_ObjPath>..\..\Source\Common</DCC_ObjPath>
    <DCC_IncludePath>..\..\Source\Common</DCC_IncludePath>
    <DCC_UNSAFE_TYPE>True</DCC_UNSAFE_TYPE>
    <DCC_UNSAFE_CODE>True</DCC_UNSAFE_CODE>
    <DCC_UNSAFE_CAST>True</DCC_UNSAFE_CAST>
  </PropertyGroup>
  <ProjectExtensions>
    <Borland.Personality>Delphi.Personality</Borland.Personality>
    <Borland.ProjectType>Package</Borland.ProjectType>
    <BorlandProject>
<BorlandProject><Delphi.Personality><Parameters><Parameters Name="UseLauncher">False</Parameters><Parameters Name="LoadAllSymbols">True</Parameters><Parameters Name="LoadUnspecifiedSymbols">False</Parameters></Parameters><Package_Options><Package_Options Name="PackageDescription">CnPack Components Runtime Package</Package_Options><Package_Options Name="ImplicitBuild">False</Package_Options><Package_Options Name="DesigntimeOnly">False</Package_Options><Package_Options Name="RuntimeOnly">True</Package_Options></Package_Options><VersionInfo><VersionInfo Name="IncludeVerInfo">True</VersionInfo><VersionInfo Name="AutoIncBuild">False</VersionInfo><VersionInfo Name="MajorVer">1</VersionInfo><VersionInfo Name="MinorVer">0</VersionInfo><VersionInfo Name="Release">0</VersionInfo><VersionInfo Name="Build">0</VersionInfo><VersionInfo Name="Debug">False</VersionInfo><VersionInfo Name="PreRelease">False</VersionInfo><VersionInfo Name="Special">False</VersionInfo><VersionInfo Name="Private">False</VersionInfo><VersionInfo Name="DLL">False</VersionInfo><VersionInfo Name="Locale">2052</VersionInfo><VersionInfo Name="CodePage">936</VersionInfo></VersionInfo><VersionInfoKeys><VersionInfoKeys Name="CompanyName"></VersionInfoKeys><VersionInfoKeys Name="FileDescription"></VersionInfoKeys><VersionInfoKeys Name="FileVersion">1.0.0.0</VersionInfoKeys><VersionInfoKeys Name="InternalName"></VersionInfoKeys><VersionInfoKeys Name="LegalCopyright"></VersionInfoKeys><VersionInfoKeys Name="LegalTrademarks"></VersionInfoKeys><VersionInfoKeys Name="OriginalFilename"></VersionInfoKeys><VersionInfoKeys Name="ProductName"></VersionInfoKeys><VersionInfoKeys Name="ProductVersion">1.0.0.0</VersionInfoKeys><VersionInfoKeys Name="Comments"></VersionInfoKeys></VersionInfoKeys><Source><Source Name="MainSource">CnPack_D11.dpk</Source></Source></Delphi.Personality></BorlandProject></BorlandProject>
  </ProjectExtensions>
  <Import Project="$(MSBuildBinPath)\Borland.Delphi.Targets" />
  <ItemGroup>
    <DelphiCompile Include="CnPack_D11.dpk">
      <MainSource>MainSource</MainSource>
    </DelphiCompile>
    <DCCReference Include="..\..\Source\Common\CnBase64.pas" />
    <DCCReference Include="..\..\Source\Common\CnCalendar.pas" />
    <DCCReference Include="..\..\Source\Common\CnClasses.pas" />
    <DCCReference Include="..\..\Source\Common\CnCommon.pas" />
    <DCCReference Include="..\..\Source\Common\CnConsts.pas" />
    <DCCReference Include="..\..\Source\Common\CnCRC32.pas" />
    <DCCReference Include="..\..\Source\Common\CnFloatConvert.pas" />
    <DCCReference Include="..\..\Source\Common\CnGraphUtils.pas" />
    <DCCReference Include="..\..\Source\Common\CnHashMap.pas" />
    <DCCReference Include="..\..\Source\Common\CnIni.pas" />
    <DCCReference Include="..\..\Source\Common\CnIniStrUtils.pas" />
    <DCCReference Include="..\..\Source\Common\CnMD5.pas" />
    <DCCReference Include="..\..\Source\Common\CnDES.pas"/>
			<DCCReference Include="..\..\Source\Common\CnSHA1.pas"/>
    <DCCReference Include="..\..\Source\Common\CnSQLite.pas" />
    <DCCReference Include="..\..\Source\Common\CnStrDiff.pas" />
    <DCCReference Include="..\..\Source\Common\CnStream.pas" />
    <DCCReference Include="..\..\Source\Common\CnTree.pas" />
    <DCCReference Include="..\..\Source\Common\CnVCLBase.pas" />
    <DCCReference Include="..\..\Source\Common\CnWinSvc.pas" />
    <DCCReference Include="..\..\Source\DbReport\CnDBConsts.pas" />
    <DCCReference Include="..\..\Source\DbReport\CnADOBinding.pas" />
    <DCCReference Include="..\..\Source\DbReport\CnDataGrid.pas" />
    <DCCReference Include="..\..\Source\DbReport\CnRunSqlFrame.pas">
      <Frame>CnFrameRunSql</Frame>  
    </DCCReference>
    <DCCReference Include="..\..\Source\DbReport\CnRunSqlUnit.pas" />
    <DCCReference Include="..\..\Source\DbReport\CnSQLAnalyzer.pas" />
    <DCCReference Include="..\..\Source\DbReport\CnADOUpdateSQL.pas" />
    <DCCReference Include="..\..\Source\DbReport\CnPagedGrid.pas" />
    <DCCReference Include="..\..\Source\Graphics\CnAACtrls.pas" />
    <DCCReference Include="..\..\Source\Graphics\CnAAFont.pas" />
    <DCCReference Include="..\..\Source\Graphics\CnAAFontDialog.pas">
      <Form>CnAAFontDlg</Form>
    </DCCReference>
    <DCCReference Include="..\..\Source\Graphics\CnAOTreeView.pas" />
    <DCCReference Include="..\..\Source\Graphics\CnAutoOption.pas" />
    <DCCReference Include="..\..\Source\Graphics\CnButtonEdit.pas" />
    <DCCReference Include="..\..\Source\Graphics\CnCheckTreeView.pas" />
    <DCCReference Include="..\..\Source\Graphics\CnEdit.pas" />
    <DCCReference Include="..\..\Source\Graphics\CnListBox.pas" />
    <DCCReference Include="..\..\Source\Graphics\CnGauge.pas" />
    <DCCReference Include="..\..\Source\Graphics\CnMonthCalendar.pas" />
    <DCCReference Include="..\..\Source\Graphics\CnColorGrid.pas" />
    <DCCReference Include="..\..\Source\Graphics\CnErrorProvider.pas" />
    <DCCReference Include="..\..\Source\Graphics\CnGraphConsts.pas" />
    <DCCReference Include="..\..\Source\Graphics\CnGraphics.pas" />
    <DCCReference Include="..\..\Source\Graphics\CnImage.pas" />
    <DCCReference Include="..\..\Source\Graphics\CnShellCtrls.pas" />
    <DCCReference Include="..\..\Source\Graphics\CnSpin.pas" />
    <DCCReference Include="..\..\Source\Graphics\CnTabSet.pas" />
    <DCCReference Include="..\..\Source\Graphics\CnValidateImage.pas" />
    <DCCReference Include="..\..\Source\Graphics\CnWaterEffect.pas" />
    <DCCReference Include="..\..\Source\Graphics\CnWaterImage.pas" />
    <DCCReference Include="..\..\Source\Graphics\CnWizardImage.pas" />
    <DCCReference Include="..\..\Source\Graphics\CnButtons.pas" />
    <DCCReference Include="..\..\Source\Graphics\CnHexEditor.pas" />
    <DCCReference Include="..\..\Source\Graphics\CnSkinMagic.pas" />
    <DCCReference Include="..\..\Source\Graphics\CnHint.pas" />
    <DCCReference Include="..\..\Source\MultiLang\CnHashIniFile.pas" />
    <DCCReference Include="..\..\Source\MultiLang\CnHashLangStorage.pas" />
    <DCCReference Include="..\..\Source\MultiLang\CnIniLangFileStorage.pas" />
    <DCCReference Include="..\..\Source\MultiLang\CnLangCollection.pas" />
    <DCCReference Include="..\..\Source\MultiLang\CnLangConsts.pas" />
    <DCCReference Include="..\..\Source\MultiLang\CnLangMgr.pas" />
    <DCCReference Include="..\..\Source\MultiLang\CnLangStorage.pas" />
    <DCCReference Include="..\..\Source\MultiLang\CnLangTranslator.pas" />
    <DCCReference Include="..\..\Source\MultiLang\CnLangUtils.pas" />
    <DCCReference Include="..\..\Source\NetComm\CnModem.pas" />
    <DCCReference Include="..\..\Source\NetComm\CnNetConsts.pas" />
    <DCCReference Include="..\..\Source\NetComm\CnRS232.pas" />
    <DCCReference Include="..\..\Source\NetComm\CnRS232Dialog.pas">
      <Form>CnRS232Dlg</Form>
    </DCCReference>
    <DCCReference Include="..\..\Source\NetComm\CnUDP.pas" />
    <DCCReference Include="..\..\Source\NetComm\CnIP.pas" />
    <DCCReference Include="..\..\Source\NetComm\CnPing.pas" />
    <DCCReference Include="..\..\Source\NetComm\CnDialUp.pas" />
    <DCCReference Include="..\..\Source\NetComm\CnCameraEye.pas" />
    <DCCReference Include="..\..\Source\NetComm\CnIISCtrl.pas" />
    <DCCReference Include="..\..\Source\NetComm\CnTwain.pas" />
    <DCCReference Include="..\..\Source\NetComm\CnIocpSimpleMemPool.pas" />
    <DCCReference Include="..\..\Source\NetComm\CnIocpSocketAdapter.pas" />
    <DCCReference Include="..\..\Source\NonVisual\CnActionListHook.pas" />
    <DCCReference Include="..\..\Source\NonVisual\CnActiveScript.pas" />
    <DCCReference Include="..\..\Source\NonVisual\CnADOConPool.pas" />
    <DCCReference Include="..\..\Source\NonVisual\CnCompConsts.pas" />
    <DCCReference Include="..\..\Source\NonVisual\CnConsole.pas" />
    <DCCReference Include="..\..\Source\NonVisual\CnControlHook.pas" />
    <DCCReference Include="..\..\Source\NonVisual\CnDelphiDockStyle.pas" />
    <DCCReference Include="..\..\Source\NonVisual\CnDockFormControl.pas" />
    <DCCReference Include="..\..\Source\NonVisual\CnDockGlobal.pas" />
    <DCCReference Include="..\..\Source\NonVisual\CnDockHashTable.pas" />
    <DCCReference Include="..\..\Source\NonVisual\CnDockInfo.pas" />
    <DCCReference Include="..\..\Source\NonVisual\CnDockSupportClass.pas" />
    <DCCReference Include="..\..\Source\NonVisual\CnDockSupportControl.pas" />
    <DCCReference Include="..\..\Source\NonVisual\CnDockSupportProc.pas" />
    <DCCReference Include="..\..\Source\NonVisual\CnDockTree.pas" />
    <DCCReference Include="..\..\Source\NonVisual\CnDragResizer.pas" />
    <DCCReference Include="..\..\Source\NonVisual\CnFilePacker.pas" />
    <DCCReference Include="..\..\Source\NonVisual\CnFileSystemWatcher.pas" />
    <DCCReference Include="..\..\Source\NonVisual\CnFormScaler.pas" />
    <DCCReference Include="..\..\Source\NonVisual\CnGlobalKeyHook.pas" />
    <DCCReference Include="..\..\Source\NonVisual\CnKeyBlocker.pas" />
    <DCCReference Include="..\..\Source\NonVisual\CnMDIBackGround.pas" />
    <DCCReference Include="..\..\Source\NonVisual\CnMenuHook.pas" />
    <DCCReference Include="..\..\Source\NonVisual\CnObjectPool.pas" />
    <DCCReference Include="..\..\Source\NonVisual\CnOuterControls.pas" />
    <DCCReference Include="..\..\Source\NonVisual\CnRestoreSystemMenu.pas" />
    <DCCReference Include="..\..\Source\NonVisual\CnTaskBar.pas" />
    <DCCReference Include="..\..\Source\NonVisual\CnThreadPool.pas" />
    <DCCReference Include="..\..\Source\NonVisual\CnTimer.pas" />
    <DCCReference Include="..\..\Source\NonVisual\CnTrayIcon.pas" />
    <DCCReference Include="..\..\Source\NonVisual\CnVCDockStyle.pas" />
    <DCCReference Include="..\..\Source\NonVisual\CnVIDDockStyle.pas" />
    <DCCReference Include="..\..\Source\NonVisual\CnVolumeCtrl.pas" />
    <DCCReference Include="..\..\Source\NonVisual\CnVSNETDockStyle.pas" />
    <DCCReference Include="..\..\Source\NonVisual\CnWinampCtrl.pas" />
    <DCCReference Include="adortl.dcp" />
    <DCCReference Include="dsnap.dcp" />
    <DCCReference Include="vcl.dcp" />
    <DCCReference Include="vcldb.dcp" />
    <DCCReference Include="vclsmp.dcp" />
    <DCCReference Include="vclx.dcp" />
  </ItemGroup>
</Project>