	<Project xmlns="http://schemas.microsoft.com/developer/msbuild/2003">
		<PropertyGroup>
			<ProjectGuid>{D26FF74D-0474-4C68-9C0A-BB0E49246B7B}</ProjectGuid>
			<MainSource>CnPack_D15.dpk</MainSource>
			<Config Condition="'$(Config)'==''">Debug</Config>
			<DCC_DCCCompiler>DCC32</DCC_DCCCompiler>
			<ProjectVersion>12.0</ProjectVersion>
			<Platform Condition="'$(Platform)'==''">Win32</Platform>
		</PropertyGroup>
		<PropertyGroup Condition="'$(Config)'=='Base' or '$(Base)'!=''">
			<Base>true</Base>
		</PropertyGroup>
		<PropertyGroup Condition="'$(Config)'=='Release' or '$(Cfg_1)'!=''">
			<Cfg_1>true</Cfg_1>
			<CfgParent>Base</CfgParent>
			<Base>true</Base>
		</PropertyGroup>
		<PropertyGroup Condition="'$(Config)'=='Debug' or '$(Cfg_2)'!=''">
			<Cfg_2>true</Cfg_2>
			<CfgParent>Base</CfgParent>
			<Base>true</Base>
		</PropertyGroup>
		<PropertyGroup Condition="'$(Base)'!=''">
			<DCC_UnitSearchPath>..\..\Source\Common;$(DCC_UnitSearchPath)</DCC_UnitSearchPath>
			<DesignOnlyPackage>false</DesignOnlyPackage>
			<BRCC_IncludePath>..\Source\Common;..\Common;$(BRCC_IncludePath)</BRCC_IncludePath>
			<RuntimeOnlyPackage>true</RuntimeOnlyPackage>
			<DCC_DependencyCheckOutputName>C:\Documents and Settings\All Users\Documents\RAD Studio\8.0\Bpl\CnPack_D15.bpl</DCC_DependencyCheckOutputName>
			<DCC_LocalDebugSymbols>false</DCC_LocalDebugSymbols>
			<DCC_Optimize>false</DCC_Optimize>
			<DCC_Define>RELEASE;$(DCC_Define)</DCC_Define>
			<DCC_Description>CnPack Components Runtime Package</DCC_Description>
			<DCC_WriteableConstants>true</DCC_WriteableConstants>
			<GenPackage>true</GenPackage>
			<DCC_OutputNeverBuildDcps>true</DCC_OutputNeverBuildDcps>
			<GenDll>true</GenDll>
			<DCC_GenerateStackFrames>true</DCC_GenerateStackFrames>
			<DCC_DebugInformation>false</DCC_DebugInformation>
			<DCC_SymbolReferenceInfo>0</DCC_SymbolReferenceInfo>
			<DCC_ImageBase>00400000</DCC_ImageBase>
			<DCC_Platform>x86</DCC_Platform>
		</PropertyGroup>
		<PropertyGroup Condition="'$(Cfg_1)'!=''">
			<DCC_LocalDebugSymbols>false</DCC_LocalDebugSymbols>
			<DCC_SymbolReferenceInfo>0</DCC_SymbolReferenceInfo>
			<DCC_DebugInformation>false</DCC_DebugInformation>
		</PropertyGroup>
		<PropertyGroup Condition="'$(Cfg_2)'!=''">
			<DCC_Define>DEBUG;$(DCC_Define)</DCC_Define>
		</PropertyGroup>
		<ItemGroup>
			<DelphiCompile Include="CnPack_D15.dpk">
				<MainSource>MainSource</MainSource>
			</DelphiCompile>
			<DCCReference Include="vcl.dcp"/>
			<DCCReference Include="vclx.dcp"/>
			<DCCReference Include="vcldb.dcp"/>
			<DCCReference Include="adortl.dcp"/>
			<DCCReference Include="dsnap.dcp"/>
			<DCCReference Include="xmlrtl.dcp"/>
			<DCCReference Include="soaprtl.dcp"/>
			<DCCReference Include="bdertl.dcp"/>
			<DCCReference Include="vclsmp.dcp"/>
			<DCCReference Include="..\..\Source\Common\CnBase64.pas"/>
			<DCCReference Include="..\..\Source\Common\CnCalendar.pas"/>
			<DCCReference Include="..\..\Source\Common\CnClasses.pas"/>
			<DCCReference Include="..\..\Source\Common\CnCommon.pas"/>
			<DCCReference Include="..\..\Source\Common\CnConsts.pas"/>
			<DCCReference Include="..\..\Source\Common\CnCRC32.pas"/>
			<DCCReference Include="..\..\Source\Common\CnFloatConvert.pas"/>
			<DCCReference Include="..\..\Source\Common\CnGraphUtils.pas"/>
			<DCCReference Include="..\..\Source\Common\CnHashMap.pas"/>
			<DCCReference Include="..\..\Source\Common\CnIni.pas"/>
			<DCCReference Include="..\..\Source\Common\CnIniStrUtils.pas"/>
			<DCCReference Include="..\..\Source\Common\CnNativeDecl.pas"/>
			<DCCReference Include="..\..\Source\Common\CnMD5.pas"/>
			<DCCReference Include="..\..\Source\Common\CnDES.pas"/>
			<DCCReference Include="..\..\Source\Common\CnSHA1.pas"/>
			<DCCReference Include="..\..\Source\Common\CnMulticastEvent.pas"/>
			<DCCReference Include="..\..\Source\Common\CnSingleton.pas"/>
			<DCCReference Include="..\..\Source\Common\CnSingletonComp.pas"/>
			<DCCReference Include="..\..\Source\Common\CnSQLite.pas"/>
			<DCCReference Include="..\..\Source\Common\CnStrDiff.pas"/>
			<DCCReference Include="..\..\Source\Common\CnStream.pas"/>
			<DCCReference Include="..\..\Source\Common\CnTree.pas"/>
			<DCCReference Include="..\..\Source\Common\CnVCLBase.pas"/>
			<DCCReference Include="..\..\Source\Common\CnWinSvc.pas"/>
			<DCCReference Include="..\..\Source\DbReport\CnDBConsts.pas"/>
			<DCCReference Include="..\..\Source\DbReport\CnADOBinding.pas"/>
			<DCCReference Include="..\..\Source\DbReport\CnDataGrid.pas"/>
			<DCCReference Include="..\..\Source\DbReport\CnRunSqlFrame.pas">
				<Form>CnFrameRunSql</Form>
				<DesignClass>TFrame</DesignClass>
			</DCCReference>
			<DCCReference Include="..\..\Source\DbReport\CnRunSqlUnit.pas"/>
			<DCCReference Include="..\..\Source\DbReport\CnSQLAnalyzer.pas"/>
			<DCCReference Include="..\..\Source\DbReport\CnADOUpdateSQL.pas"/>
			<DCCReference Include="..\..\Source\DbReport\CnPagedGrid.pas"/>
			<DCCReference Include="..\..\Source\DbReport\CnDHibernateAppUtils.pas"/>
			<DCCReference Include="..\..\Source\DbReport\CnDHibernateBase.pas"/>
			<DCCReference Include="..\..\Source\DbReport\CnDHibernateClasses.pas"/>
			<DCCReference Include="..\..\Source\DbReport\CnDHibernateConsts.pas"/>
			<DCCReference Include="..\..\Source\DbReport\CnDHibernateDateUtils.pas"/>
			<DCCReference Include="..\..\Source\DbReport\CnDHibernateMemData.pas"/>
			<DCCReference Include="..\..\Source\DbReport\CnDHibernatePodoList.pas"/>
			<DCCReference Include="..\..\Source\DbReport\CnDHibernateQueryAdv.pas"/>
			<DCCReference Include="..\..\Source\DbReport\CnDHibernateStringUtils.pas"/>
			<DCCReference Include="..\..\Source\DbReport\CnDHibernateUtils.pas"/>
			<DCCReference Include="..\..\Source\DbReport\CnDHibernateSet.pas"/>
			<DCCReference Include="..\..\Source\DbReport\CnDHibernateSubQueryAdv.pas"/>
			<DCCReference Include="..\..\Source\DbReport\CnDHibernateSubQuery.pas"/>
			<DCCReference Include="..\..\Source\DbReport\CnDHibernateThread.pas"/>
			<DCCReference Include="..\..\Source\DbReport\CnDHibernateCalc.pas"/>
			<DCCReference Include="..\..\Source\DbReport\CnDHibernateArrayList.pas"/>
			<DCCReference Include="..\..\Source\DbReport\CnDHibernateImport.pas"/>
			<DCCReference Include="..\..\Source\DbReport\CnDHibernateExport.pas"/>
			<DCCReference Include="..\..\Source\DbReport\CnDHibernateNavigator.pas"/>
			<DCCReference Include="..\..\Source\DbReport\CnDHibernateBackupRestore.pas"/>
			<DCCReference Include="..\..\Source\DbReport\CnDHibernateSQLThread.pas"/>
			<DCCReference Include="..\..\Source\DbReport\CnDHibernateBatchSQL.pas"/>
			<DCCReference Include="..\..\Source\Graphics\CnAOTreeView.pas"/>
			<DCCReference Include="..\..\Source\Graphics\CnAutoOption.pas"/>
			<DCCReference Include="..\..\Source\Graphics\CnCheckTreeView.pas"/>
			<DCCReference Include="..\..\Source\Graphics\CnEdit.pas"/>
			<DCCReference Include="..\..\Source\Graphics\CnListBox.pas"/>
			<DCCReference Include="..\..\Source\Graphics\CnTabSet.pas"/>
			<DCCReference Include="..\..\Source\Graphics\CnButtonEdit.pas"/>
			<DCCReference Include="..\..\Source\Graphics\CnPanel.pas"/>
			<DCCReference Include="..\..\Source\Graphics\CnGraphConsts.pas"/>
			<DCCReference Include="..\..\Source\Graphics\CnGraphics.pas"/>
			<DCCReference Include="..\..\Source\Graphics\CnImage.pas"/>
			<DCCReference Include="..\..\Source\Graphics\CnShellCtrls.pas"/>
			<DCCReference Include="..\..\Source\Graphics\CnSpin.pas"/>
			<DCCReference Include="..\..\Source\Graphics\CnWizardImage.pas"/>
			<DCCReference Include="..\..\Source\Graphics\CnButtons.pas"/>
			<DCCReference Include="..\..\Source\Graphics\CnHexEditor.pas"/>
			<DCCReference Include="..\..\Source\Graphics\CnGauge.pas"/>
			<DCCReference Include="..\..\Source\Graphics\CnMonthCalendar.pas"/>
			<DCCReference Include="..\..\Source\Graphics\CnColorGrid.pas"/>
			<DCCReference Include="..\..\Source\Graphics\CnErrorProvider.pas"/>
			<DCCReference Include="..\..\Source\Graphics\CnLED.pas"/>
			<DCCReference Include="..\..\Source\MultiLang\CnHashIniFile.pas"/>
			<DCCReference Include="..\..\Source\MultiLang\CnHashLangStorage.pas"/>
			<DCCReference Include="..\..\Source\MultiLang\CnIniLangFileStorage.pas"/>
			<DCCReference Include="..\..\Source\MultiLang\CnLangCollection.pas"/>
			<DCCReference Include="..\..\Source\MultiLang\CnLangConsts.pas"/>
			<DCCReference Include="..\..\Source\MultiLang\CnLangUtils.pas"/>
			<DCCReference Include="..\..\Source\MultiLang\CnLangMgr.pas"/>
			<DCCReference Include="..\..\Source\MultiLang\CnLangStorage.pas"/>
			<DCCReference Include="..\..\Source\MultiLang\CnLangTranslator.pas"/>
			<DCCReference Include="..\..\Source\NetComm\CnModem.pas"/>
			<DCCReference Include="..\..\Source\NetComm\CnNetConsts.pas"/>
			<DCCReference Include="..\..\Source\NetComm\CnRS232.pas"/>
			<DCCReference Include="..\..\Source\NetComm\CnRS232Dialog.pas">
				<Form>CnRS232Dlg</Form>
			</DCCReference>
			<DCCReference Include="..\..\Source\NetComm\CnUDP.pas"/>
			<DCCReference Include="..\..\Source\NetComm\CnIP.pas"/>
			<DCCReference Include="..\..\Source\NetComm\CnPing.pas"/>
			<DCCReference Include="..\..\Source\NetComm\CnDialUp.pas"/>
			<DCCReference Include="..\..\Source\NetComm\CnCameraEye.pas"/>
			<DCCReference Include="..\..\Source\NetComm\CnIISCtrl.pas"/>
			<DCCReference Include="..\..\Source\NetComm\CnTwain.pas"/>
			<DCCReference Include="..\..\Source\NetComm\CnIocpSimpleMemPool.pas"/>
			<DCCReference Include="..\..\Source\NetComm\CnIocpSocketAdapter.pas"/>
			<DCCReference Include="..\..\Source\NonVisual\CnActionListHook.pas"/>
			<DCCReference Include="..\..\Source\NonVisual\CnADOConPool.pas"/>
			<DCCReference Include="..\..\Source\NonVisual\CnCompConsts.pas"/>
			<DCCReference Include="..\..\Source\NonVisual\CnControlHook.pas"/>
			<DCCReference Include="..\..\Source\NonVisual\CnFormScaler.pas"/>
			<DCCReference Include="..\..\Source\NonVisual\CnMDIBackGround.pas"/>
			<DCCReference Include="..\..\Source\NonVisual\CnMenuHook.pas"/>
			<DCCReference Include="..\..\Source\NonVisual\CnObjectPool.pas"/>
			<DCCReference Include="..\..\Source\NonVisual\CnThreadPool.pas"/>
			<DCCReference Include="..\..\Source\NonVisual\CnTimer.pas"/>
			<DCCReference Include="..\..\Source\NonVisual\CnTrayIcon.pas"/>
			<DCCReference Include="..\..\Source\NonVisual\CnVolumeCtrl.pas"/>
			<DCCReference Include="..\..\Source\NonVisual\CnWinampCtrl.pas"/>
			<DCCReference Include="..\..\Source\NonVisual\CnRestoreSystemMenu.pas"/>
			<DCCReference Include="..\..\Source\NonVisual\CnActiveScript.pas"/>
			<DCCReference Include="..\..\Source\NonVisual\CnDragResizer.pas"/>
			<DCCReference Include="..\..\Source\NonVisual\CnKeyBlocker.pas"/>
			<DCCReference Include="..\..\Source\NonVisual\CnTaskBar.pas"/>
			<DCCReference Include="..\..\Source\NonVisual\CnSystemDebugControl.pas"/>
			<DCCReference Include="..\..\Source\NonVisual\CnRawInput.pas"/>
			<DCCReference Include="..\..\Source\Graphics\CnWaterImage.pas"/>
			<DCCReference Include="..\..\Source\Graphics\CnValidateImage.pas"/>
			<DCCReference Include="..\..\Source\Graphics\CnWaterEffect.pas"/>
			<DCCReference Include="..\..\Source\Graphics\CnAACtrls.pas"/>
			<DCCReference Include="..\..\Source\Graphics\CnAAFont.pas"/>
			<DCCReference Include="..\..\Source\Graphics\CnAAFontDialog.pas">
				<Form>CnAAFontDlg</Form>
			</DCCReference>
			<DCCReference Include="..\..\Source\Graphics\CnSkinMagic.pas"/>
			<DCCReference Include="..\..\Source\Graphics\CnHint.pas"/>
			<DCCReference Include="..\..\Source\Graphics\CnQQPanel.pas"/>
			<DCCReference Include="..\..\Source\Graphics\CnAppStoreBox.pas"/>
			<DCCReference Include="..\..\Source\NonVisual\CnConsole.pas"/>
			<DCCReference Include="..\..\Source\NonVisual\CnFileSystemWatcher.pas"/>
			<DCCReference Include="..\..\Source\NonVisual\CnFilePacker.pas"/>
			<DCCReference Include="..\..\Source\NonVisual\CnOuterControls.pas"/>
			<DCCReference Include="..\..\Source\NonVisual\CnGlobalKeyHook.pas"/>
			<DCCReference Include="..\..\Source\NonVisual\CnDockSupportControl.pas"/>
			<DCCReference Include="..\..\Source\NonVisual\CnDockFormControl.pas"/>
			<DCCReference Include="..\..\Source\NonVisual\CnDockGlobal.pas"/>
			<DCCReference Include="..\..\Source\NonVisual\CnDockHashTable.pas"/>
			<DCCReference Include="..\..\Source\NonVisual\CnDockInfo.pas"/>
			<DCCReference Include="..\..\Source\NonVisual\CnDockTree.pas"/>
			<DCCReference Include="..\..\Source\NonVisual\CnDockSupportClass.pas"/>
			<DCCReference Include="..\..\Source\NonVisual\CnDockSupportProc.pas"/>
			<DCCReference Include="..\..\Source\NonVisual\CnVCDockStyle.pas"/>
			<DCCReference Include="..\..\Source\NonVisual\CnVIDDockStyle.pas"/>
			<DCCReference Include="..\..\Source\NonVisual\CnVSNETDockStyle.pas"/>
			<DCCReference Include="..\..\Source\NonVisual\CnDelphiDockStyle.pas"/>
			<DCCReference Include="..\..\Source\Common\CnWideStrings.pas"/>
			<BuildConfiguration Include="Debug">
				<Key>Cfg_2</Key>
				<CfgParent>Base</CfgParent>
			</BuildConfiguration>
			<BuildConfiguration Include="Base">
				<Key>Base</Key>
			</BuildConfiguration>
			<BuildConfiguration Include="Release">
				<Key>Cfg_1</Key>
				<CfgParent>Base</CfgParent>
			</BuildConfiguration>
		</ItemGroup>
		<Import Project="$(BDS)\Bin\CodeGear.Delphi.Targets" Condition="Exists('$(BDS)\Bin\CodeGear.Delphi.Targets')"/>
		<ProjectExtensions>
			<Borland.Personality>Delphi.Personality.12</Borland.Personality>
			<Borland.ProjectType>Package</Borland.ProjectType>
			<BorlandProject>
				<Delphi.Personality>
					<Source>
						<Source Name="MainSource">CnPack_D15.dpk</Source>
					</Source>
					<Parameters>
						<Parameters Name="UseLauncher">False</Parameters>
						<Parameters Name="LoadAllSymbols">True</Parameters>
						<Parameters Name="LoadUnspecifiedSymbols">False</Parameters>
					</Parameters>
					<VersionInfo>
						<VersionInfo Name="IncludeVerInfo">True</VersionInfo>
						<VersionInfo Name="AutoIncBuild">False</VersionInfo>
						<VersionInfo Name="MajorVer">1</VersionInfo>
						<VersionInfo Name="MinorVer">0</VersionInfo>
						<VersionInfo Name="Release">0</VersionInfo>
						<VersionInfo Name="Build">0</VersionInfo>
						<VersionInfo Name="Debug">False</VersionInfo>
						<VersionInfo Name="PreRelease">False</VersionInfo>
						<VersionInfo Name="Special">False</VersionInfo>
						<VersionInfo Name="Private">False</VersionInfo>
						<VersionInfo Name="DLL">False</VersionInfo>
						<VersionInfo Name="Locale">2052</VersionInfo>
						<VersionInfo Name="CodePage">936</VersionInfo>
					</VersionInfo>
					<VersionInfoKeys>
						<VersionInfoKeys Name="CompanyName"/>
						<VersionInfoKeys Name="FileDescription"/>
						<VersionInfoKeys Name="FileVersion">1.0.0.0</VersionInfoKeys>
						<VersionInfoKeys Name="InternalName"/>
						<VersionInfoKeys Name="LegalCopyright"/>
						<VersionInfoKeys Name="LegalTrademarks"/>
						<VersionInfoKeys Name="OriginalFilename"/>
						<VersionInfoKeys Name="ProductName"/>
						<VersionInfoKeys Name="ProductVersion">1.0.0.0</VersionInfoKeys>
						<VersionInfoKeys Name="Comments"/>
					</VersionInfoKeys>
					<Excluded_Packages>
						<Excluded_Packages Name="$(BDS)\bin\dcloffice2k120.bpl">Microsoft Office 2000 Sample Automation Server Wrapper Components</Excluded_Packages>
						<Excluded_Packages Name="$(BDS)\bin\dclofficexp120.bpl">Microsoft Office XP Sample Automation Server Wrapper Components</Excluded_Packages>
					</Excluded_Packages>
				</Delphi.Personality>
				<Platforms>
					<Platform value="Win32">True</Platform>
				</Platforms>
			</BorlandProject>
			<ProjectFileVersion>12</ProjectFileVersion>
		</ProjectExtensions>
	</Project>
